
Microsoft Visual Studio Solution File, Format Version 12.00
# Visual Studio Version 16
VisualStudioVersion = 16.0.32002.261
MinimumVisualStudioVersion = 10.0.40219.1
Project("{8BC9CEB8-8B4A-11D0-8D11-00A0C91BC942}") = "ekspansja", "ekspansja\ekspansja.vcxproj", "{4DB5EADB-023E-4AA9-AC97-9D3C44531ABC}"
EndProject
Global
	GlobalSection(SolutionConfigurationPlatforms) = preSolution
		Debug|x64 = Debug|x64
		Debug|x86 = Debug|x86
		Release|x64 = Release|x64
		Release|x86 = Release|x86
	EndGlobalSection
	GlobalSection(ProjectConfigurationPlatforms) = postSolution
		{4DB5EADB-023E-4AA9-AC97-9D3C44531ABC}.Debug|x64.ActiveCfg = Debug|x64
		{4DB5EADB-023E-4AA9-AC97-9D3C44531ABC}.Debug|x64.Build.0 = Debug|x64
		{4DB5EADB-023E-4AA9-AC97-9D3C44531ABC}.Debug|x86.ActiveCfg = Debug|Win32
		{4DB5EADB-023E-4AA9-AC97-9D3C44531ABC}.Debug|x86.Build.0 = Debug|Win32
		{4DB5EADB-023E-4AA9-AC97-9D3C44531ABC}.Release|x64.ActiveCfg = Release|x64
		{4DB5EADB-023E-4AA9-AC97-9D3C44531ABC}.Release|x64.Build.0 = Release|x64
		{4DB5EADB-023E-4AA9-AC97-9D3C44531ABC}.Release|x86.ActiveCfg = Release|Win32
		{4DB5EADB-023E-4AA9-AC97-9D3C44531ABC}.Release|x86.Build.0 = Release|Win32
	EndGlobalSection
	GlobalSection(SolutionProperties) = preSolution
		HideSolutionNode = FALSE
	EndGlobalSection
	GlobalSection(ExtensibilityGlobals) = postSolution
		SolutionGuid = {0565F4AD-1BD1-40BE-A4DF-4C3FF897FCEF}
	EndGlobalSection
EndGlobal
